
Microsoft Visual Studio Solution File, Format Version 12.00
# Visual Studio Version 17
VisualStudioVersion = 17.1.32210.238
MinimumVisualStudioVersion = 10.0.40219.1
Project("{FAE04EC0-301F-11D3-BF4B-00C04F79EFBC}") = "DynamicArray", "DynamicArray\DynamicArray.csproj", "{EE4049F0-C554-4571-85B3-A23BC80ECA6A}"
EndProject
Global
	GlobalSection(SolutionConfigurationPlatforms) = preSolution
		Debug|Any CPU = Debug|Any CPU
		Release|Any CPU = Release|Any CPU
	EndGlobalSection
	GlobalSection(ProjectConfigurationPlatforms) = postSolution
		{EE4049F0-C554-4571-85B3-A23BC80ECA6A}.Debug|Any CPU.ActiveCfg = Debug|Any CPU
		{EE4049F0-C554-4571-85B3-A23BC80ECA6A}.Debug|Any CPU.Build.0 = Debug|Any CPU
		{EE4049F0-C554-4571-85B3-A23BC80ECA6A}.Release|Any CPU.ActiveCfg = Release|Any CPU
		{EE4049F0-C554-4571-85B3-A23BC80ECA6A}.Release|Any CPU.Build.0 = Release|Any CPU
	EndGlobalSection
	GlobalSection(SolutionProperties) = preSolution
		HideSolutionNode = FALSE
	EndGlobalSection
	GlobalSection(ExtensibilityGlobals) = postSolution
		SolutionGuid = {183DAF63-4B59-492C-8AA2-18EFA34291C3}
	EndGlobalSection
EndGlobal
